{
  "name": "warframe-mods-browser",
  "version": "1.0.0",
  "lockfileVersion": 3,
  "requires": true,
  "packages": {
    "": {
      "name": "warframe-mods-browser",
      "version": "1.0.0",
      "dependencies": {
        "@wfcd/items": "^1.1276.17"
      }
    },
    "node_modules/@wfcd/items": {
      "version": "1.1276.17",
      "resolved": "https://registry.npmjs.org/@wfcd/items/-/items-1.1276.17.tgz",
      "integrity": "sha512-UpUqVsueopVlX45LlCr73iD4Qfh+1qRnXrjaH7LGcOM349IGvvB3JIDYnGhhd3AnDogosd+gb3VIUn4IuZg6pQ==",
      "license": "MIT",
      "peerDependencies": {
        "warframe-worldstate-data": "^3.0.0"
      }
    },
    "node_modules/warframe-worldstate-data": {
      "version": "3.15.1",
      "resolved": "https://registry.npmjs.org/warframe-worldstate-data/-/warframe-worldstate-data-3.15.1.tgz",
      "integrity": "sha512-ecvx0QRhvJpuM55Tu7LujXbEpXcjuS4pOYCV/0mOlOK1dr7KSp+3JvVf6FZhVifhjBCNg9sI3KY2bTJuN/qZPw==",
      "license": "MIT",
      "peer": true,
      "engines": {
        "node": ">=22"
      }
    }
  }
}
